
Microsoft Visual Studio Solution File, Format Version 12.00
# Visual Studio Version 17
VisualStudioVersion = 17.5.33530.505
MinimumVisualStudioVersion = 10.0.40219.1
Project("{9A19103F-16F7-4668-BE54-9A1E7A4F7556}") = "dotnet", "dotnet\dotnet.csproj", "{379C7005-F13A-4B9E-A095-29CA668D2BBE}"
EndProject
Project("{FAE04EC0-301F-11D3-BF4B-00C04F79EFBC}") = "model", "model\model.csproj", "{2DCBEFA8-37D9-46BD-AD2A-4A613E8409B8}"
EndProject
Project("{FAE04EC0-301F-11D3-BF4B-00C04F79EFBC}") = "Context", "Context\Context.csproj", "{612D6BAC-CCBE-4883-8184-100126E98A5E}"
EndProject
Project("{FAE04EC0-301F-11D3-BF4B-00C04F79EFBC}") = "project", "project\project.csproj", "{222E1AAF-2020-4282-BC49-B1D3CA278987}"
EndProject
Global
	GlobalSection(SolutionConfigurationPlatforms) = preSolution
		Debug|Any CPU = Debug|Any CPU
		Release|Any CPU = Release|Any CPU
	EndGlobalSection
	GlobalSection(ProjectConfigurationPlatforms) = postSolution
		{379C7005-F13A-4B9E-A095-29CA668D2BBE}.Debug|Any CPU.ActiveCfg = Debug|Any CPU
		{379C7005-F13A-4B9E-A095-29CA668D2BBE}.Debug|Any CPU.Build.0 = Debug|Any CPU
		{379C7005-F13A-4B9E-A095-29CA668D2BBE}.Release|Any CPU.ActiveCfg = Release|Any CPU
		{379C7005-F13A-4B9E-A095-29CA668D2BBE}.Release|Any CPU.Build.0 = Release|Any CPU
		{2DCBEFA8-37D9-46BD-AD2A-4A613E8409B8}.Debug|Any CPU.ActiveCfg = Debug|Any CPU
		{2DCBEFA8-37D9-46BD-AD2A-4A613E8409B8}.Debug|Any CPU.Build.0 = Debug|Any CPU
		{2DCBEFA8-37D9-46BD-AD2A-4A613E8409B8}.Release|Any CPU.ActiveCfg = Release|Any CPU
		{2DCBEFA8-37D9-46BD-AD2A-4A613E8409B8}.Release|Any CPU.Build.0 = Release|Any CPU
		{612D6BAC-CCBE-4883-8184-100126E98A5E}.Debug|Any CPU.ActiveCfg = Debug|Any CPU
		{612D6BAC-CCBE-4883-8184-100126E98A5E}.Debug|Any CPU.Build.0 = Debug|Any CPU
		{612D6BAC-CCBE-4883-8184-100126E98A5E}.Release|Any CPU.ActiveCfg = Release|Any CPU
		{612D6BAC-CCBE-4883-8184-100126E98A5E}.Release|Any CPU.Build.0 = Release|Any CPU
		{222E1AAF-2020-4282-BC49-B1D3CA278987}.Debug|Any CPU.ActiveCfg = Debug|Any CPU
		{222E1AAF-2020-4282-BC49-B1D3CA278987}.Debug|Any CPU.Build.0 = Debug|Any CPU
		{222E1AAF-2020-4282-BC49-B1D3CA278987}.Release|Any CPU.ActiveCfg = Release|Any CPU
		{222E1AAF-2020-4282-BC49-B1D3CA278987}.Release|Any CPU.Build.0 = Release|Any CPU
	EndGlobalSection
	GlobalSection(SolutionProperties) = preSolution
		HideSolutionNode = FALSE
	EndGlobalSection
	GlobalSection(ExtensibilityGlobals) = postSolution
		SolutionGuid = {B88415AB-9269-40A0-AE9F-D5B1757D9F13}
	EndGlobalSection
EndGlobal
